
Microsoft Visual Studio Solution File, Format Version 12.00
# Visual Studio Version 16
VisualStudioVersion = 16.0.29326.143
MinimumVisualStudioVersion = 10.0.40219.1
Project("{9A19103F-16F7-4668-BE54-9A1E7A4F7556}") = "PreBuiltConfigExample.Logging.Silent", "PreBuiltConfigExample.Logging.Silent\PreBuiltConfigExample.Logging.Silent.csproj", "{78B0220C-48BD-4B2D-A64B-8510C293A9C9}"
EndProject
Project("{FAE04EC0-301F-11D3-BF4B-00C04F79EFBC}") = "PreBuiltConfigExample.Logging.Loud", "PreBuiltConfigExample.Logging.Loud\PreBuiltConfigExample.Logging.Loud.csproj", "{B06230C7-2E2A-499A-B28F-DAB5A2E604BB}"
EndProject
Project("{2150E333-8FDC-42A3-9474-1A3956D46DE8}") = "Solution Items", "Solution Items", "{731F0292-5879-4C1F-83F4-1332F643FB5D}"
	ProjectSection(SolutionItems) = preProject
		.gitignore = .gitignore
	EndProjectSection
EndProject
Global
	GlobalSection(SolutionConfigurationPlatforms) = preSolution
		Debug|Any CPU = Debug|Any CPU
		Release|Any CPU = Release|Any CPU
	EndGlobalSection
	GlobalSection(ProjectConfigurationPlatforms) = postSolution
		{78B0220C-48BD-4B2D-A64B-8510C293A9C9}.Debug|Any CPU.ActiveCfg = Debug|Any CPU
		{78B0220C-48BD-4B2D-A64B-8510C293A9C9}.Debug|Any CPU.Build.0 = Debug|Any CPU
		{78B0220C-48BD-4B2D-A64B-8510C293A9C9}.Release|Any CPU.ActiveCfg = Release|Any CPU
		{78B0220C-48BD-4B2D-A64B-8510C293A9C9}.Release|Any CPU.Build.0 = Release|Any CPU
		{B06230C7-2E2A-499A-B28F-DAB5A2E604BB}.Debug|Any CPU.ActiveCfg = Debug|Any CPU
		{B06230C7-2E2A-499A-B28F-DAB5A2E604BB}.Debug|Any CPU.Build.0 = Debug|Any CPU
		{B06230C7-2E2A-499A-B28F-DAB5A2E604BB}.Release|Any CPU.ActiveCfg = Release|Any CPU
		{B06230C7-2E2A-499A-B28F-DAB5A2E604BB}.Release|Any CPU.Build.0 = Release|Any CPU
	EndGlobalSection
	GlobalSection(SolutionProperties) = preSolution
		HideSolutionNode = FALSE
	EndGlobalSection
	GlobalSection(ExtensibilityGlobals) = postSolution
		SolutionGuid = {63E6C2FD-99FD-4AF3-A6AC-D97F620FFF63}
	EndGlobalSection
EndGlobal
